
Microsoft Visual Studio Solution File, Format Version 12.00
# Visual Studio Version 16
VisualStudioVersion = 16.0.29911.84
MinimumVisualStudioVersion = 10.0.40219.1
Project("{9A19103F-16F7-4668-BE54-9A1E7A4F7556}") = "Pirat", "Pirat\Pirat.csproj", "{16A2B5FF-24C6-49F9-A85F-866B12836028}"
EndProject
Project("{9A19103F-16F7-4668-BE54-9A1E7A4F7556}") = "Pirat.Tests", "Pirat.Tests\Pirat.Tests.csproj", "{EC91E0A2-7750-47D7-8228-9C5322804E42}"
EndProject
Project("{2150E333-8FDC-42A3-9474-1A3956D46DE8}") = "Solution Items", "Solution Items", "{651F9950-2F3D-406F-BC99-9D1B1B0C0C1E}"
	ProjectSection(SolutionItems) = preProject
		CodeRules.ruleset = CodeRules.ruleset
	EndProjectSection
EndProject
Project("{9A19103F-16F7-4668-BE54-9A1E7A4F7556}") = "Pirat.DatabaseTests", "Pirat.DatabaseTests\Pirat.DatabaseTests.csproj", "{80AD8818-72A3-47CA-9680-7397549A2EA9}"
EndProject
Project("{9A19103F-16F7-4668-BE54-9A1E7A4F7556}") = "Pirat.IntegrationTests", "Pirat.IntegrationTests\Pirat.IntegrationTests.csproj", "{709BD19A-8E63-48FF-B2DB-519945A276AE}"
EndProject
Project("{FAE04EC0-301F-11D3-BF4B-00C04F79EFBC}") = "Pirat.Examples", "Pirat.Examples\Pirat.Examples.csproj", "{DBCA60DE-104A-4C77-A892-70196E8D2EE4}"
EndProject
Global
	GlobalSection(SolutionConfigurationPlatforms) = preSolution
		Debug|Any CPU = Debug|Any CPU
		Release|Any CPU = Release|Any CPU
	EndGlobalSection
	GlobalSection(ProjectConfigurationPlatforms) = postSolution
		{16A2B5FF-24C6-49F9-A85F-866B12836028}.Debug|Any CPU.ActiveCfg = Debug|Any CPU
		{16A2B5FF-24C6-49F9-A85F-866B12836028}.Debug|Any CPU.Build.0 = Debug|Any CPU
		{16A2B5FF-24C6-49F9-A85F-866B12836028}.Release|Any CPU.ActiveCfg = Release|Any CPU
		{16A2B5FF-24C6-49F9-A85F-866B12836028}.Release|Any CPU.Build.0 = Release|Any CPU
		{EC91E0A2-7750-47D7-8228-9C5322804E42}.Debug|Any CPU.ActiveCfg = Debug|Any CPU
		{EC91E0A2-7750-47D7-8228-9C5322804E42}.Debug|Any CPU.Build.0 = Debug|Any CPU
		{EC91E0A2-7750-47D7-8228-9C5322804E42}.Release|Any CPU.ActiveCfg = Release|Any CPU
		{EC91E0A2-7750-47D7-8228-9C5322804E42}.Release|Any CPU.Build.0 = Release|Any CPU
		{80AD8818-72A3-47CA-9680-7397549A2EA9}.Debug|Any CPU.ActiveCfg = Debug|Any CPU
		{80AD8818-72A3-47CA-9680-7397549A2EA9}.Debug|Any CPU.Build.0 = Debug|Any CPU
		{80AD8818-72A3-47CA-9680-7397549A2EA9}.Release|Any CPU.ActiveCfg = Release|Any CPU
		{80AD8818-72A3-47CA-9680-7397549A2EA9}.Release|Any CPU.Build.0 = Release|Any CPU
		{709BD19A-8E63-48FF-B2DB-519945A276AE}.Debug|Any CPU.ActiveCfg = Debug|Any CPU
		{709BD19A-8E63-48FF-B2DB-519945A276AE}.Debug|Any CPU.Build.0 = Debug|Any CPU
		{709BD19A-8E63-48FF-B2DB-519945A276AE}.Release|Any CPU.ActiveCfg = Release|Any CPU
		{709BD19A-8E63-48FF-B2DB-519945A276AE}.Release|Any CPU.Build.0 = Release|Any CPU
		{DBCA60DE-104A-4C77-A892-70196E8D2EE4}.Debug|Any CPU.ActiveCfg = Debug|Any CPU
		{DBCA60DE-104A-4C77-A892-70196E8D2EE4}.Debug|Any CPU.Build.0 = Debug|Any CPU
		{DBCA60DE-104A-4C77-A892-70196E8D2EE4}.Release|Any CPU.ActiveCfg = Release|Any CPU
		{DBCA60DE-104A-4C77-A892-70196E8D2EE4}.Release|Any CPU.Build.0 = Release|Any CPU
	EndGlobalSection
	GlobalSection(SolutionProperties) = preSolution
		HideSolutionNode = FALSE
	EndGlobalSection
	GlobalSection(ExtensibilityGlobals) = postSolution
		SolutionGuid = {A2095AAF-334A-49FB-B806-7F652C570F94}
	EndGlobalSection
EndGlobal
